
Microsoft Visual Studio Solution File, Format Version 11.00
# Visual Studio 2010
Project("{FAE04EC0-301F-11D3-BF4B-00C04F79EFBC}") = "MapVisualiser", "Assembly-CSharp.csproj", "{01D43F73-7B6C-A4AA-3259-723131F02A1D}"
EndProject
Project("{FAE04EC0-301F-11D3-BF4B-00C04F79EFBC}") = "MapVisualiser", "Assembly-CSharp-Editor.csproj", "{297698A5-06E6-2B86-69B9-1AB2BF43DDD5}"
EndProject
Global
	GlobalSection(SolutionConfigurationPlatforms) = preSolution
		Debug|Any CPU = Debug|Any CPU
		Release|Any CPU = Release|Any CPU
	EndGlobalSection
	GlobalSection(ProjectConfigurationPlatforms) = postSolution
		{01D43F73-7B6C-A4AA-3259-723131F02A1D}.Debug|Any CPU.ActiveCfg = Debug|Any CPU
		{01D43F73-7B6C-A4AA-3259-723131F02A1D}.Debug|Any CPU.Build.0 = Debug|Any CPU
		{01D43F73-7B6C-A4AA-3259-723131F02A1D}.Release|Any CPU.ActiveCfg = Release|Any CPU
		{01D43F73-7B6C-A4AA-3259-723131F02A1D}.Release|Any CPU.Build.0 = Release|Any CPU
		{297698A5-06E6-2B86-69B9-1AB2BF43DDD5}.Debug|Any CPU.ActiveCfg = Debug|Any CPU
		{297698A5-06E6-2B86-69B9-1AB2BF43DDD5}.Debug|Any CPU.Build.0 = Debug|Any CPU
		{297698A5-06E6-2B86-69B9-1AB2BF43DDD5}.Release|Any CPU.ActiveCfg = Release|Any CPU
		{297698A5-06E6-2B86-69B9-1AB2BF43DDD5}.Release|Any CPU.Build.0 = Release|Any CPU
	EndGlobalSection
	GlobalSection(SolutionProperties) = preSolution
		HideSolutionNode = FALSE
	EndGlobalSection
	GlobalSection(MonoDevelopProperties) = preSolution
		StartupItem = Assembly-CSharp.csproj
	EndGlobalSection
EndGlobal
