
Microsoft Visual Studio Solution File, Format Version 11.00
# Visual Studio 2010
Project("{FAE04EC0-301F-11D3-BF4B-00C04F79EFBC}") = "TASA", "Assembly-CSharp.csproj", "{7A0B7640-C31A-341C-06E1-1A24A2E463A0}"
EndProject
Project("{FAE04EC0-301F-11D3-BF4B-00C04F79EFBC}") = "TASA", "Assembly-CSharp-Editor.csproj", "{5D459230-7D82-F0C7-0438-EBA473E4FD99}"
EndProject
Global
	GlobalSection(SolutionConfigurationPlatforms) = preSolution
		Debug|Any CPU = Debug|Any CPU
		Release|Any CPU = Release|Any CPU
	EndGlobalSection
	GlobalSection(ProjectConfigurationPlatforms) = postSolution
		{7A0B7640-C31A-341C-06E1-1A24A2E463A0}.Debug|Any CPU.ActiveCfg = Debug|Any CPU
		{7A0B7640-C31A-341C-06E1-1A24A2E463A0}.Debug|Any CPU.Build.0 = Debug|Any CPU
		{7A0B7640-C31A-341C-06E1-1A24A2E463A0}.Release|Any CPU.ActiveCfg = Release|Any CPU
		{7A0B7640-C31A-341C-06E1-1A24A2E463A0}.Release|Any CPU.Build.0 = Release|Any CPU
		{5D459230-7D82-F0C7-0438-EBA473E4FD99}.Debug|Any CPU.ActiveCfg = Debug|Any CPU
		{5D459230-7D82-F0C7-0438-EBA473E4FD99}.Debug|Any CPU.Build.0 = Debug|Any CPU
		{5D459230-7D82-F0C7-0438-EBA473E4FD99}.Release|Any CPU.ActiveCfg = Release|Any CPU
		{5D459230-7D82-F0C7-0438-EBA473E4FD99}.Release|Any CPU.Build.0 = Release|Any CPU
	EndGlobalSection
	GlobalSection(SolutionProperties) = preSolution
		HideSolutionNode = FALSE
	EndGlobalSection
	GlobalSection(MonoDevelopProperties) = preSolution
		StartupItem = Assembly-CSharp.csproj
	EndGlobalSection
EndGlobal
